{
  "object": {
    "pins": [
      {
        "package": "Auth",
        "repositoryURL": "https://github.com/google/auth-library-swift",
        "state": {
          "branch": null,
          "revision": "c5f11b696cec34dbd5691c2a4b4aaea087fb5125",
          "version": "0.3.6"
        }
      },
      {
        "package": "BigInt",
        "repositoryURL": "https://github.com/attaswift/BigInt",
        "state": {
          "branch": null,
          "revision": "557d7e0e15f8693436212594a726af1795488550",
          "version": "3.0.2"
        }
      },
      {
        "package": "SSCommonCrypto",
        "repositoryURL": "https://github.com/daltoniam/common-crypto-spm",
        "state": {
          "branch": null,
          "revision": "2eb3aff0fb57f92f5722fac5d6d20bf64669ca66",
          "version": "1.1.0"
        }
      },
      {
        "package": "CryptoSwift",
        "repositoryURL": "https://github.com/krzyzanowskim/CryptoSwift.git",
        "state": {
          "branch": null,
          "revision": "ea8c0769151d7d9587e1768094a517890114391e",
          "version": "0.10.0"
        }
      },
      {
        "package": "FileCheck",
        "repositoryURL": "https://github.com/llvm-swift/FileCheck.git",
        "state": {
          "branch": null,
          "revision": "e5871587ddf85c0bcf84f773925655f2f83ef336",
          "version": "0.0.7"
        }
      },
      {
        "package": "SwiftServerHttp",
        "repositoryURL": "https://github.com/swift-server/http",
        "state": {
          "branch": null,
          "revision": "f8516cc7252cc1e4a9f31ac5fa35175acdd2f47d",
          "version": "0.1.0"
        }
      },
      {
        "package": "Nimble",
        "repositoryURL": "https://github.com/Quick/Nimble.git",
        "state": {
          "branch": null,
          "revision": "21f4fed2052cea480f5f1d2044d45aa25fdfb988",
          "version": "7.1.1"
        }
      },
      {
        "package": "Quick",
        "repositoryURL": "https://github.com/Quick/Quick.git",
        "state": {
          "branch": null,
          "revision": "3e3023569c8d4c4a0d000f58db765df53041117f",
          "version": "1.3.0"
        }
      },
      {
        "package": "ReactiveSwift",
        "repositoryURL": "https://github.com/ReactiveCocoa/ReactiveSwift",
        "state": {
          "branch": null,
          "revision": "46fb4d4a8285286e54929add1d12f384675895c6",
          "version": "3.1.0"
        }
      },
      {
        "package": "Result",
        "repositoryURL": "https://github.com/antitypical/Result.git",
        "state": {
          "branch": null,
          "revision": "7477584259bfce2560a19e06ad9f71db441fff11",
          "version": "3.2.4"
        }
      },
      {
        "package": "SipHash",
        "repositoryURL": "https://github.com/attaswift/SipHash",
        "state": {
          "branch": null,
          "revision": "fb754d4b54913352e34474dba82be63eb55c5ba6",
          "version": "1.2.1"
        }
      },
      {
        "package": "SKClient",
        "repositoryURL": "https://github.com/SlackKit/SKClient",
        "state": {
          "branch": null,
          "revision": "008e10a402f17519750a5b94c4cf6b16310abf18",
          "version": "4.1.0"
        }
      },
      {
        "package": "SKCore",
        "repositoryURL": "https://github.com/SlackKit/SKCore",
        "state": {
          "branch": null,
          "revision": "1ac0e21612d4390206adeb57eb5f8fcae66c0811",
          "version": "4.1.1"
        }
      },
      {
        "package": "SKRTMAPI",
        "repositoryURL": "https://github.com/SlackKit/SKRTMAPI",
        "state": {
          "branch": null,
          "revision": "c46f78c588e619c0d547ecae264d77dfaff5c0f0",
          "version": "4.1.2"
        }
      },
      {
        "package": "SKServer",
        "repositoryURL": "https://github.com/SlackKit/SKServer",
        "state": {
          "branch": null,
          "revision": "20eb55cef890bee253402865aad15318185696b7",
          "version": "4.1.0"
        }
      },
      {
        "package": "SKWebAPI",
        "repositoryURL": "https://github.com/SlackKit/SKWebAPI",
        "state": {
          "branch": null,
          "revision": "b5b303c7e5cdecd587499061a81128ef4d7ed3f1",
          "version": "4.1.3"
        }
      },
      {
        "package": "SlackKit",
        "repositoryURL": "https://github.com/SlackKit/SlackKit.git",
        "state": {
          "branch": null,
          "revision": "c2f3731a69df85f852d089839edd14b6ed461b02",
          "version": "4.1.0"
        }
      },
      {
        "package": "Starscream",
        "repositoryURL": "https://github.com/daltoniam/Starscream",
        "state": {
          "branch": null,
          "revision": "114e5df9b6251970a069e8f1c0cbb5802759f0a9",
          "version": "3.0.5"
        }
      },
      {
        "package": "SwiftCheck",
        "repositoryURL": "https://github.com/typelift/SwiftCheck.git",
        "state": {
          "branch": null,
          "revision": "43ffe7ab48366c36a697c54bcdd257876edd6fc6",
          "version": "0.10.0"
        }
      },
      {
        "package": "Swifter",
        "repositoryURL": "https://github.com/httpswift/swifter.git",
        "state": {
          "branch": null,
          "revision": "eafa10b5ce4389c497ab7fde0a747661d99e0a4b",
          "version": "1.4.1"
        }
      },
      {
        "package": "SwiftyBase64",
        "repositoryURL": "https://github.com/timburks/SwiftyBase64",
        "state": {
          "branch": null,
          "revision": "01f2f5c4886d0b8d7cb8c0e96b2aefccd1c7ccd8",
          "version": "1.2.0"
        }
      },
      {
        "package": "SSCZLib",
        "repositoryURL": "https://github.com/daltoniam/zlib-spm.git",
        "state": {
          "branch": null,
          "revision": "83ac8d719a2f3aa775dbdf116a57f56fb2c49abb",
          "version": "1.1.0"
        }
      }
    ]
  },
  "version": 1
}
